# This file was autogenerated by Stack.
# You should not edit this file by hand.
# For more information, please see the documentation at:
#   https://docs.haskellstack.org/en/stable/topics/lock_files

packages:
- completed:
    commit: 4687edb0c7ad6fa6e62c5b9a3b94492598ba00b0
    git: https://github.com/t-sasaki915/TEAWin32GUI
    name: TEAWin32GUI
    pantry-tree:
      sha256: 9ae916fd2b0e900a826f81f2d1683ac9f6623510ef567566f97b292b6b22b91a
      size: 2423
    version: 0.1.0.0
  original:
    commit: 4687edb0c7ad6fa6e62c5b9a3b94492598ba00b0
    git: https://github.com/t-sasaki915/TEAWin32GUI
snapshots:
- completed:
    sha256: e9b93acfb8aaf8ae4869050506553a963a8adba95748cd60356f9ffe64f03345
    size: 712232
    url: https://raw.githubusercontent.com/commercialhaskell/stackage-snapshots/master/nightly/2025/5/28.yaml
  original: nightly-2025-05-28
