# This file was autogenerated by Stack.
# You should not edit this file by hand.
# For more information, please see the documentation at:
#   https://docs.haskellstack.org/en/stable/topics/lock_files

packages:
- completed:
    commit: 09396652bab62e81bafa1b68f79410f10f70fc05
    git: https://github.com/t-sasaki915/TEAWin32GUI
    name: TEAWin32GUI
    pantry-tree:
      sha256: 2833f5075365e8320b27b1dc77a4635ff1b6eced3b7851bf864d4c95dd8f094b
      size: 2940
    version: 0.1.0.0
  original:
    commit: 09396652bab62e81bafa1b68f79410f10f70fc05
    git: https://github.com/t-sasaki915/TEAWin32GUI
snapshots:
- completed:
    sha256: e9b93acfb8aaf8ae4869050506553a963a8adba95748cd60356f9ffe64f03345
    size: 712232
    url: https://raw.githubusercontent.com/commercialhaskell/stackage-snapshots/master/nightly/2025/5/28.yaml
  original: nightly-2025-05-28
