# This file was autogenerated by Stack.
# You should not edit this file by hand.
# For more information, please see the documentation at:
#   https://docs.haskellstack.org/en/stable/topics/lock_files

packages:
- completed:
    commit: 78203c5cb8cd0d3f477ddb072580d3c7bf40e49a
    git: https://github.com/t-sasaki915/TEAWin32
    name: TEAWin32
    pantry-tree:
      sha256: d5ef8e6058f761d7eb035a3adf1c3d5d71c7da7c7aacc3a4a4aa99bd149e4c6c
      size: 3116
    version: 0.1.0.0
  original:
    commit: 78203c5cb8cd0d3f477ddb072580d3c7bf40e49a
    git: https://github.com/t-sasaki915/TEAWin32
snapshots:
- completed:
    sha256: e9b93acfb8aaf8ae4869050506553a963a8adba95748cd60356f9ffe64f03345
    size: 712232
    url: https://raw.githubusercontent.com/commercialhaskell/stackage-snapshots/master/nightly/2025/5/28.yaml
  original: nightly-2025-05-28
